
Microsoft Visual Studio Solution File, Format Version 12.00
# Visual Studio 14
VisualStudioVersion = 14.0.23107.0
MinimumVisualStudioVersion = 10.0.40219.1
Project("{FAE04EC0-301F-11D3-BF4B-00C04F79EFBC}") = "HackerRankProblems", "HackerRankProblems\HackerRankProblems.csproj", "{28DE0F43-A572-450E-9AD0-2DC1525F5857}"
EndProject
Project("{FAE04EC0-301F-11D3-BF4B-00C04F79EFBC}") = "HackerRankTests", "HackerRankTests\HackerRankTests.csproj", "{79DD4124-67E1-4EE1-909A-6C2CFDF8B4A3}"
EndProject
Global
	GlobalSection(SolutionConfigurationPlatforms) = preSolution
		Debug|Any CPU = Debug|Any CPU
		Release|Any CPU = Release|Any CPU
	EndGlobalSection
	GlobalSection(ProjectConfigurationPlatforms) = postSolution
		{28DE0F43-A572-450E-9AD0-2DC1525F5857}.Debug|Any CPU.ActiveCfg = Debug|Any CPU
		{28DE0F43-A572-450E-9AD0-2DC1525F5857}.Debug|Any CPU.Build.0 = Debug|Any CPU
		{28DE0F43-A572-450E-9AD0-2DC1525F5857}.Release|Any CPU.ActiveCfg = Release|Any CPU
		{28DE0F43-A572-450E-9AD0-2DC1525F5857}.Release|Any CPU.Build.0 = Release|Any CPU
		{79DD4124-67E1-4EE1-909A-6C2CFDF8B4A3}.Debug|Any CPU.ActiveCfg = Debug|Any CPU
		{79DD4124-67E1-4EE1-909A-6C2CFDF8B4A3}.Debug|Any CPU.Build.0 = Debug|Any CPU
		{79DD4124-67E1-4EE1-909A-6C2CFDF8B4A3}.Release|Any CPU.ActiveCfg = Release|Any CPU
		{79DD4124-67E1-4EE1-909A-6C2CFDF8B4A3}.Release|Any CPU.Build.0 = Release|Any CPU
	EndGlobalSection
	GlobalSection(SolutionProperties) = preSolution
		HideSolutionNode = FALSE
	EndGlobalSection
EndGlobal
